
Microsoft Visual Studio Solution File, Format Version 12.00
# Visual Studio Version 17
VisualStudioVersion = 17.7.34031.279
MinimumVisualStudioVersion = 10.0.40219.1
Project("{8BC9CEB8-8B4A-11D0-8D11-00A0C91BC942}") = "CS1410_InfiniteDeckSimpleBlackjack1", "CS1410_InfiniteDeckSimpleBlackjack1\CS1410_InfiniteDeckSimpleBlackjack1.vcxproj", "{0BF47172-80AF-49FE-AC72-E68309E07C7F}"
EndProject
Global
	GlobalSection(SolutionConfigurationPlatforms) = preSolution
		Debug|x64 = Debug|x64
		Debug|x86 = Debug|x86
		Release|x64 = Release|x64
		Release|x86 = Release|x86
	EndGlobalSection
	GlobalSection(ProjectConfigurationPlatforms) = postSolution
		{0BF47172-80AF-49FE-AC72-E68309E07C7F}.Debug|x64.ActiveCfg = Debug|x64
		{0BF47172-80AF-49FE-AC72-E68309E07C7F}.Debug|x64.Build.0 = Debug|x64
		{0BF47172-80AF-49FE-AC72-E68309E07C7F}.Debug|x86.ActiveCfg = Debug|Win32
		{0BF47172-80AF-49FE-AC72-E68309E07C7F}.Debug|x86.Build.0 = Debug|Win32
		{0BF47172-80AF-49FE-AC72-E68309E07C7F}.Release|x64.ActiveCfg = Release|x64
		{0BF47172-80AF-49FE-AC72-E68309E07C7F}.Release|x64.Build.0 = Release|x64
		{0BF47172-80AF-49FE-AC72-E68309E07C7F}.Release|x86.ActiveCfg = Release|Win32
		{0BF47172-80AF-49FE-AC72-E68309E07C7F}.Release|x86.Build.0 = Release|Win32
	EndGlobalSection
	GlobalSection(SolutionProperties) = preSolution
		HideSolutionNode = FALSE
	EndGlobalSection
	GlobalSection(ExtensibilityGlobals) = postSolution
		SolutionGuid = {D1F6FD7B-B397-45F4-ABE7-D7505D90AB04}
	EndGlobalSection
EndGlobal
